
Microsoft Visual Studio Solution File, Format Version 12.00
# Visual Studio Version 17
VisualStudioVersion = 17.0.31903.59
MinimumVisualStudioVersion = 10.0.40219.1
Project("{FAE04EC0-301F-11D3-BF4B-00C04F79EFBC}") = "ServiceLibrary", "ServiceLibrary\ServiceLibrary.csproj", "{363B6028-50B2-40AD-AC05-9527B7AF34A2}"
EndProject
Project("{FAE04EC0-301F-11D3-BF4B-00C04F79EFBC}") = "WcfHost", "WcfHost\WcfHost.csproj", "{96178EEE-7AB0-4662-82D0-3ECFE7124E30}"
EndProject
Project("{FAE04EC0-301F-11D3-BF4B-00C04F79EFBC}") = "WcfClientConsole", "WcfClientConsole\WcfClientConsole.csproj", "{E90B2253-C02D-4EC7-9F08-F9557EC7FD72}"
EndProject
Global
	GlobalSection(SolutionConfigurationPlatforms) = preSolution
		Debug|Any CPU = Debug|Any CPU
		Debug|x64 = Debug|x64
		Debug|x86 = Debug|x86
		Release|Any CPU = Release|Any CPU
		Release|x64 = Release|x64
		Release|x86 = Release|x86
	EndGlobalSection
	GlobalSection(ProjectConfigurationPlatforms) = postSolution
		{363B6028-50B2-40AD-AC05-9527B7AF34A2}.Debug|Any CPU.ActiveCfg = Debug|Any CPU
		{363B6028-50B2-40AD-AC05-9527B7AF34A2}.Debug|Any CPU.Build.0 = Debug|Any CPU
		{363B6028-50B2-40AD-AC05-9527B7AF34A2}.Debug|x64.ActiveCfg = Debug|Any CPU
		{363B6028-50B2-40AD-AC05-9527B7AF34A2}.Debug|x64.Build.0 = Debug|Any CPU
		{363B6028-50B2-40AD-AC05-9527B7AF34A2}.Debug|x86.ActiveCfg = Debug|Any CPU
		{363B6028-50B2-40AD-AC05-9527B7AF34A2}.Debug|x86.Build.0 = Debug|Any CPU
		{363B6028-50B2-40AD-AC05-9527B7AF34A2}.Release|Any CPU.ActiveCfg = Release|Any CPU
		{363B6028-50B2-40AD-AC05-9527B7AF34A2}.Release|Any CPU.Build.0 = Release|Any CPU
		{363B6028-50B2-40AD-AC05-9527B7AF34A2}.Release|x64.ActiveCfg = Release|Any CPU
		{363B6028-50B2-40AD-AC05-9527B7AF34A2}.Release|x64.Build.0 = Release|Any CPU
		{363B6028-50B2-40AD-AC05-9527B7AF34A2}.Release|x86.ActiveCfg = Release|Any CPU
		{363B6028-50B2-40AD-AC05-9527B7AF34A2}.Release|x86.Build.0 = Release|Any CPU
		{96178EEE-7AB0-4662-82D0-3ECFE7124E30}.Debug|Any CPU.ActiveCfg = Debug|Any CPU
		{96178EEE-7AB0-4662-82D0-3ECFE7124E30}.Debug|Any CPU.Build.0 = Debug|Any CPU
		{96178EEE-7AB0-4662-82D0-3ECFE7124E30}.Debug|x64.ActiveCfg = Debug|Any CPU
		{96178EEE-7AB0-4662-82D0-3ECFE7124E30}.Debug|x64.Build.0 = Debug|Any CPU
		{96178EEE-7AB0-4662-82D0-3ECFE7124E30}.Debug|x86.ActiveCfg = Debug|Any CPU
		{96178EEE-7AB0-4662-82D0-3ECFE7124E30}.Debug|x86.Build.0 = Debug|Any CPU
		{96178EEE-7AB0-4662-82D0-3ECFE7124E30}.Release|Any CPU.ActiveCfg = Release|Any CPU
		{96178EEE-7AB0-4662-82D0-3ECFE7124E30}.Release|Any CPU.Build.0 = Release|Any CPU
		{96178EEE-7AB0-4662-82D0-3ECFE7124E30}.Release|x64.ActiveCfg = Release|Any CPU
		{96178EEE-7AB0-4662-82D0-3ECFE7124E30}.Release|x64.Build.0 = Release|Any CPU
		{96178EEE-7AB0-4662-82D0-3ECFE7124E30}.Release|x86.ActiveCfg = Release|Any CPU
		{96178EEE-7AB0-4662-82D0-3ECFE7124E30}.Release|x86.Build.0 = Release|Any CPU
		{E90B2253-C02D-4EC7-9F08-F9557EC7FD72}.Debug|Any CPU.ActiveCfg = Debug|Any CPU
		{E90B2253-C02D-4EC7-9F08-F9557EC7FD72}.Debug|Any CPU.Build.0 = Debug|Any CPU
		{E90B2253-C02D-4EC7-9F08-F9557EC7FD72}.Debug|x64.ActiveCfg = Debug|Any CPU
		{E90B2253-C02D-4EC7-9F08-F9557EC7FD72}.Debug|x64.Build.0 = Debug|Any CPU
		{E90B2253-C02D-4EC7-9F08-F9557EC7FD72}.Debug|x86.ActiveCfg = Debug|Any CPU
		{E90B2253-C02D-4EC7-9F08-F9557EC7FD72}.Debug|x86.Build.0 = Debug|Any CPU
		{E90B2253-C02D-4EC7-9F08-F9557EC7FD72}.Release|Any CPU.ActiveCfg = Release|Any CPU
		{E90B2253-C02D-4EC7-9F08-F9557EC7FD72}.Release|Any CPU.Build.0 = Release|Any CPU
		{E90B2253-C02D-4EC7-9F08-F9557EC7FD72}.Release|x64.ActiveCfg = Release|Any CPU
		{E90B2253-C02D-4EC7-9F08-F9557EC7FD72}.Release|x64.Build.0 = Release|Any CPU
		{E90B2253-C02D-4EC7-9F08-F9557EC7FD72}.Release|x86.ActiveCfg = Release|Any CPU
		{E90B2253-C02D-4EC7-9F08-F9557EC7FD72}.Release|x86.Build.0 = Release|Any CPU
	EndGlobalSection
	GlobalSection(SolutionProperties) = preSolution
		HideSolutionNode = FALSE
	EndGlobalSection
EndGlobal
